
Microsoft Visual Studio Solution File, Format Version 12.00
# Visual Studio Version 17
VisualStudioVersion = 17.11.35222.181
MinimumVisualStudioVersion = 10.0.40219.1
Project("{FAE04EC0-301F-11D3-BF4B-00C04F79EFBC}") = "LTWin_Chieu4", "LTWin_Chieu4\LTWin_Chieu4.csproj", "{B476B082-D300-4340-888D-A3A21552DEF8}"
EndProject
Project("{9A19103F-16F7-4668-BE54-9A1E7A4F7556}") = "LTWin_DoanSo", "LTWin_DoanSo\LTWin_DoanSo.csproj", "{60F8DC56-EF65-4F1E-BD60-13B423A4C2CE}"
EndProject
Project("{FAE04EC0-301F-11D3-BF4B-00C04F79EFBC}") = "TranThanhTinh_QuanLyThuVien", "TranThanhTinh_QuanLyThuVien\TranThanhTinh_QuanLyThuVien.csproj", "{6130B2C7-BEB6-4158-BB2C-D17022425505}"
EndProject
Global
	GlobalSection(SolutionConfigurationPlatforms) = preSolution
		Debug|Any CPU = Debug|Any CPU
		Release|Any CPU = Release|Any CPU
	EndGlobalSection
	GlobalSection(ProjectConfigurationPlatforms) = postSolution
		{B476B082-D300-4340-888D-A3A21552DEF8}.Debug|Any CPU.ActiveCfg = Debug|Any CPU
		{B476B082-D300-4340-888D-A3A21552DEF8}.Debug|Any CPU.Build.0 = Debug|Any CPU
		{B476B082-D300-4340-888D-A3A21552DEF8}.Release|Any CPU.ActiveCfg = Release|Any CPU
		{B476B082-D300-4340-888D-A3A21552DEF8}.Release|Any CPU.Build.0 = Release|Any CPU
		{60F8DC56-EF65-4F1E-BD60-13B423A4C2CE}.Debug|Any CPU.ActiveCfg = Debug|Any CPU
		{60F8DC56-EF65-4F1E-BD60-13B423A4C2CE}.Debug|Any CPU.Build.0 = Debug|Any CPU
		{60F8DC56-EF65-4F1E-BD60-13B423A4C2CE}.Release|Any CPU.ActiveCfg = Release|Any CPU
		{60F8DC56-EF65-4F1E-BD60-13B423A4C2CE}.Release|Any CPU.Build.0 = Release|Any CPU
		{6130B2C7-BEB6-4158-BB2C-D17022425505}.Debug|Any CPU.ActiveCfg = Debug|Any CPU
		{6130B2C7-BEB6-4158-BB2C-D17022425505}.Debug|Any CPU.Build.0 = Debug|Any CPU
		{6130B2C7-BEB6-4158-BB2C-D17022425505}.Release|Any CPU.ActiveCfg = Release|Any CPU
		{6130B2C7-BEB6-4158-BB2C-D17022425505}.Release|Any CPU.Build.0 = Release|Any CPU
	EndGlobalSection
	GlobalSection(SolutionProperties) = preSolution
		HideSolutionNode = FALSE
	EndGlobalSection
	GlobalSection(ExtensibilityGlobals) = postSolution
		SolutionGuid = {3289EDB5-F94F-4338-A254-CAF4598D61D8}
	EndGlobalSection
EndGlobal
